
Microsoft Visual Studio Solution File, Format Version 12.00
# Visual Studio Version 16
VisualStudioVersion = 16.0.31005.135
MinimumVisualStudioVersion = 10.0.40219.1
Project("{9A19103F-16F7-4668-BE54-9A1E7A4F7556}") = "EnvironmentFile.UnitTests", "tests\EnvironmentFile.UnitTests\EnvironmentFile.UnitTests.csproj", "{2393BE75-982B-4B81-982B-863A86540257}"
EndProject
Project("{9A19103F-16F7-4668-BE54-9A1E7A4F7556}") = "EnvironmentFile", "src\EnvironmentFile\EnvironmentFile.csproj", "{170471BC-C280-4389-BA2A-C4A09343CA82}"
EndProject
Global
	GlobalSection(SolutionConfigurationPlatforms) = preSolution
		Debug|Any CPU = Debug|Any CPU
		Release|Any CPU = Release|Any CPU
	EndGlobalSection
	GlobalSection(ProjectConfigurationPlatforms) = postSolution
		{2393BE75-982B-4B81-982B-863A86540257}.Debug|Any CPU.ActiveCfg = Debug|Any CPU
		{2393BE75-982B-4B81-982B-863A86540257}.Debug|Any CPU.Build.0 = Debug|Any CPU
		{2393BE75-982B-4B81-982B-863A86540257}.Release|Any CPU.ActiveCfg = Release|Any CPU
		{2393BE75-982B-4B81-982B-863A86540257}.Release|Any CPU.Build.0 = Release|Any CPU
		{170471BC-C280-4389-BA2A-C4A09343CA82}.Debug|Any CPU.ActiveCfg = Debug|Any CPU
		{170471BC-C280-4389-BA2A-C4A09343CA82}.Debug|Any CPU.Build.0 = Debug|Any CPU
		{170471BC-C280-4389-BA2A-C4A09343CA82}.Release|Any CPU.ActiveCfg = Release|Any CPU
		{170471BC-C280-4389-BA2A-C4A09343CA82}.Release|Any CPU.Build.0 = Release|Any CPU
	EndGlobalSection
	GlobalSection(SolutionProperties) = preSolution
		HideSolutionNode = FALSE
	EndGlobalSection
	GlobalSection(ExtensibilityGlobals) = postSolution
		SolutionGuid = {F73FD9CA-7888-494D-AC08-A71C2201EF57}
	EndGlobalSection
EndGlobal
